
Microsoft Visual Studio Solution File, Format Version 12.00
# Visual Studio Version 17
VisualStudioVersion = 17.14.36408.4
MinimumVisualStudioVersion = 10.0.40219.1
Project("{FAE04EC0-301F-11D3-BF4B-00C04F79EFBC}") = "RecipeUI", "RecipeUI.csproj", "{2D6C2A0E-1673-4D04-938E-6EBB86A733EF}"
EndProject
Project("{FAE04EC0-301F-11D3-BF4B-00C04F79EFBC}") = "ReceptUI.Tests", "..\ReceptUI.Tests\ReceptUI.Tests.csproj", "{92CD9354-6822-422A-B448-2A223D5966BD}"
EndProject
Global
	GlobalSection(SolutionConfigurationPlatforms) = preSolution
		Debug|Any CPU = Debug|Any CPU
		Release|Any CPU = Release|Any CPU
	EndGlobalSection
	GlobalSection(ProjectConfigurationPlatforms) = postSolution
		{2D6C2A0E-1673-4D04-938E-6EBB86A733EF}.Debug|Any CPU.ActiveCfg = Debug|Any CPU
		{2D6C2A0E-1673-4D04-938E-6EBB86A733EF}.Debug|Any CPU.Build.0 = Debug|Any CPU
		{2D6C2A0E-1673-4D04-938E-6EBB86A733EF}.Release|Any CPU.ActiveCfg = Release|Any CPU
		{2D6C2A0E-1673-4D04-938E-6EBB86A733EF}.Release|Any CPU.Build.0 = Release|Any CPU
		{92CD9354-6822-422A-B448-2A223D5966BD}.Debug|Any CPU.ActiveCfg = Debug|Any CPU
		{92CD9354-6822-422A-B448-2A223D5966BD}.Debug|Any CPU.Build.0 = Debug|Any CPU
		{92CD9354-6822-422A-B448-2A223D5966BD}.Release|Any CPU.ActiveCfg = Release|Any CPU
		{92CD9354-6822-422A-B448-2A223D5966BD}.Release|Any CPU.Build.0 = Release|Any CPU
	EndGlobalSection
	GlobalSection(SolutionProperties) = preSolution
		HideSolutionNode = FALSE
	EndGlobalSection
	GlobalSection(ExtensibilityGlobals) = postSolution
		SolutionGuid = {F78BE517-264A-4483-8F73-4E6DA9BE0133}
	EndGlobalSection
EndGlobal
